
Microsoft Visual Studio Solution File, Format Version 12.00
# Visual Studio Version 16
VisualStudioVersion = 16.0.29001.49
MinimumVisualStudioVersion = 10.0.40219.1
Project("{FAE04EC0-301F-11D3-BF4B-00C04F79EFBC}") = "FilterNbaSuperstar", "FilterNbaSuperstar\FilterNbaSuperstar.csproj", "{D03D4980-D204-41FE-8E23-4AE07B8A5138}"
EndProject
Project("{FAE04EC0-301F-11D3-BF4B-00C04F79EFBC}") = "FilterNbaSuperstar.Tests", "FilterNbaSuperstar.Tests\FilterNbaSuperstar.Tests.csproj", "{91A96E4F-6B51-4E82-A0EE-7B429937D459}"
EndProject
Global
	GlobalSection(SolutionConfigurationPlatforms) = preSolution
		Debug|Any CPU = Debug|Any CPU
		Release|Any CPU = Release|Any CPU
	EndGlobalSection
	GlobalSection(ProjectConfigurationPlatforms) = postSolution
		{D03D4980-D204-41FE-8E23-4AE07B8A5138}.Debug|Any CPU.ActiveCfg = Debug|Any CPU
		{D03D4980-D204-41FE-8E23-4AE07B8A5138}.Debug|Any CPU.Build.0 = Debug|Any CPU
		{D03D4980-D204-41FE-8E23-4AE07B8A5138}.Release|Any CPU.ActiveCfg = Release|Any CPU
		{D03D4980-D204-41FE-8E23-4AE07B8A5138}.Release|Any CPU.Build.0 = Release|Any CPU
		{91A96E4F-6B51-4E82-A0EE-7B429937D459}.Debug|Any CPU.ActiveCfg = Debug|Any CPU
		{91A96E4F-6B51-4E82-A0EE-7B429937D459}.Debug|Any CPU.Build.0 = Debug|Any CPU
		{91A96E4F-6B51-4E82-A0EE-7B429937D459}.Release|Any CPU.ActiveCfg = Release|Any CPU
		{91A96E4F-6B51-4E82-A0EE-7B429937D459}.Release|Any CPU.Build.0 = Release|Any CPU
	EndGlobalSection
	GlobalSection(SolutionProperties) = preSolution
		HideSolutionNode = FALSE
	EndGlobalSection
	GlobalSection(ExtensibilityGlobals) = postSolution
		SolutionGuid = {E3641F2C-0251-4E73-AC65-296C23CB9014}
	EndGlobalSection
EndGlobal
